
Microsoft Visual Studio Solution File, Format Version 12.00
# Visual Studio Version 16
VisualStudioVersion = 16.0.31515.178
MinimumVisualStudioVersion = 10.0.40219.1
Project("{FAE04EC0-301F-11D3-BF4B-00C04F79EFBC}") = "WebApp12_08", "WebApp12_08\WebApp12_08.csproj", "{3BF81F6C-A045-430A-8C73-62524C6BB2B8}"
EndProject
Global
	GlobalSection(SolutionConfigurationPlatforms) = preSolution
		Debug|Any CPU = Debug|Any CPU
		Release|Any CPU = Release|Any CPU
	EndGlobalSection
	GlobalSection(ProjectConfigurationPlatforms) = postSolution
		{3BF81F6C-A045-430A-8C73-62524C6BB2B8}.Debug|Any CPU.ActiveCfg = Debug|Any CPU
		{3BF81F6C-A045-430A-8C73-62524C6BB2B8}.Debug|Any CPU.Build.0 = Debug|Any CPU
		{3BF81F6C-A045-430A-8C73-62524C6BB2B8}.Release|Any CPU.ActiveCfg = Release|Any CPU
		{3BF81F6C-A045-430A-8C73-62524C6BB2B8}.Release|Any CPU.Build.0 = Release|Any CPU
	EndGlobalSection
	GlobalSection(SolutionProperties) = preSolution
		HideSolutionNode = FALSE
	EndGlobalSection
	GlobalSection(ExtensibilityGlobals) = postSolution
		SolutionGuid = {C64231DB-2504-4EDC-8D91-63F5D00944DB}
	EndGlobalSection
EndGlobal
